
Microsoft Visual Studio Solution File, Format Version 12.00
# Visual Studio 2013
VisualStudioVersion = 12.0.31101.0
MinimumVisualStudioVersion = 10.0.40219.1
Project("{FAE04EC0-301F-11D3-BF4B-00C04F79EFBC}") = "OscilloscopeTest", "OscilloscopeTest\OscilloscopeTest.csproj", "{BE632ED5-2CE9-418D-85BD-7E85131000FC}"
EndProject
Global
	GlobalSection(SolutionConfigurationPlatforms) = preSolution
		Debug|Any CPU = Debug|Any CPU
		Release|Any CPU = Release|Any CPU
	EndGlobalSection
	GlobalSection(ProjectConfigurationPlatforms) = postSolution
		{BE632ED5-2CE9-418D-85BD-7E85131000FC}.Debug|Any CPU.ActiveCfg = Debug|Any CPU
		{BE632ED5-2CE9-418D-85BD-7E85131000FC}.Debug|Any CPU.Build.0 = Debug|Any CPU
		{BE632ED5-2CE9-418D-85BD-7E85131000FC}.Release|Any CPU.ActiveCfg = Release|Any CPU
		{BE632ED5-2CE9-418D-85BD-7E85131000FC}.Release|Any CPU.Build.0 = Release|Any CPU
	EndGlobalSection
	GlobalSection(SolutionProperties) = preSolution
		HideSolutionNode = FALSE
	EndGlobalSection
EndGlobal
